
Microsoft Visual Studio Solution File, Format Version 12.00
Project("{2150E333-8FDC-42A3-9474-1A3956D46DE8}") = "src", "src", "{509ABABB-B096-491F-84E1-A7162925A500}"
EndProject
Project("{2150E333-8FDC-42A3-9474-1A3956D46DE8}") = "tests", "tests", "{BAAED0D8-F953-4347-B3D6-09564092C26C}"
EndProject
Project("{FAE04EC0-301F-11D3-BF4B-00C04F79EFBC}") = "MultiCache", "src\MultiCache\MultiCache.csproj", "{F3384CEB-C664-42DC-857A-A1A8847C7329}"
EndProject
Project("{FAE04EC0-301F-11D3-BF4B-00C04F79EFBC}") = "MultiCache.Tests", "tests\MultiCache.Tests\MultiCache.Tests.csproj", "{07B72A1B-11FB-4765-851E-5E83AA4BDECA}"
EndProject
Project("{2150E333-8FDC-42A3-9474-1A3956D46DE8}") = "demo", "demo", "{EC0DA659-51EC-4BE3-86EE-CC0B88AD72D2}"
EndProject
Project("{FAE04EC0-301F-11D3-BF4B-00C04F79EFBC}") = "MultiCache.Demo.Net50", "demo\MultiCache.Demo.Net50\MultiCache.Demo.Net50.csproj", "{6E52F0C2-A3C0-417D-96D3-1EF5C8B517F0}"
EndProject
Project("{FAE04EC0-301F-11D3-BF4B-00C04F79EFBC}") = "MultiCache.Demo.Net31", "demo\MultiCache.Demo.Net31\MultiCache.Demo.Net31.csproj", "{7B1A0A51-C11F-4FCB-B5A9-9B4E94819D01}"
EndProject
Global
	GlobalSection(SolutionConfigurationPlatforms) = preSolution
		Debug|Any CPU = Debug|Any CPU
		Release|Any CPU = Release|Any CPU
	EndGlobalSection
	GlobalSection(NestedProjects) = preSolution
		{F3384CEB-C664-42DC-857A-A1A8847C7329} = {509ABABB-B096-491F-84E1-A7162925A500}
		{07B72A1B-11FB-4765-851E-5E83AA4BDECA} = {BAAED0D8-F953-4347-B3D6-09564092C26C}
		{6E52F0C2-A3C0-417D-96D3-1EF5C8B517F0} = {EC0DA659-51EC-4BE3-86EE-CC0B88AD72D2}
		{7B1A0A51-C11F-4FCB-B5A9-9B4E94819D01} = {EC0DA659-51EC-4BE3-86EE-CC0B88AD72D2}
	EndGlobalSection
	GlobalSection(ProjectConfigurationPlatforms) = postSolution
		{F3384CEB-C664-42DC-857A-A1A8847C7329}.Debug|Any CPU.ActiveCfg = Debug|Any CPU
		{F3384CEB-C664-42DC-857A-A1A8847C7329}.Debug|Any CPU.Build.0 = Debug|Any CPU
		{F3384CEB-C664-42DC-857A-A1A8847C7329}.Release|Any CPU.ActiveCfg = Release|Any CPU
		{F3384CEB-C664-42DC-857A-A1A8847C7329}.Release|Any CPU.Build.0 = Release|Any CPU
		{07B72A1B-11FB-4765-851E-5E83AA4BDECA}.Debug|Any CPU.ActiveCfg = Debug|Any CPU
		{07B72A1B-11FB-4765-851E-5E83AA4BDECA}.Debug|Any CPU.Build.0 = Debug|Any CPU
		{07B72A1B-11FB-4765-851E-5E83AA4BDECA}.Release|Any CPU.ActiveCfg = Release|Any CPU
		{07B72A1B-11FB-4765-851E-5E83AA4BDECA}.Release|Any CPU.Build.0 = Release|Any CPU
		{6E52F0C2-A3C0-417D-96D3-1EF5C8B517F0}.Debug|Any CPU.ActiveCfg = Debug|Any CPU
		{6E52F0C2-A3C0-417D-96D3-1EF5C8B517F0}.Debug|Any CPU.Build.0 = Debug|Any CPU
		{6E52F0C2-A3C0-417D-96D3-1EF5C8B517F0}.Release|Any CPU.ActiveCfg = Release|Any CPU
		{6E52F0C2-A3C0-417D-96D3-1EF5C8B517F0}.Release|Any CPU.Build.0 = Release|Any CPU
		{7B1A0A51-C11F-4FCB-B5A9-9B4E94819D01}.Debug|Any CPU.ActiveCfg = Debug|Any CPU
		{7B1A0A51-C11F-4FCB-B5A9-9B4E94819D01}.Debug|Any CPU.Build.0 = Debug|Any CPU
		{7B1A0A51-C11F-4FCB-B5A9-9B4E94819D01}.Release|Any CPU.ActiveCfg = Release|Any CPU
		{7B1A0A51-C11F-4FCB-B5A9-9B4E94819D01}.Release|Any CPU.Build.0 = Release|Any CPU
	EndGlobalSection
EndGlobal
